
Microsoft Visual Studio Solution File, Format Version 12.00
# Visual Studio Version 17
VisualStudioVersion = 17.5.33516.290
MinimumVisualStudioVersion = 10.0.40219.1
Project("{9A19103F-16F7-4668-BE54-9A1E7A4F7556}") = "SeleniumSharper", "src\SeleniumSharper.csproj", "{9765F668-09AA-4F4F-9A1F-C4ACC4C58E82}"
EndProject
Project("{9A19103F-16F7-4668-BE54-9A1E7A4F7556}") = "SeleniumSharper.Test", "tests\SeleniumSharper.Test.csproj", "{30D98FA8-D36B-4D7E-8555-3A6ED8E1B0A2}"
EndProject
Project("{2150E333-8FDC-42A3-9474-1A3956D46DE8}") = "src", "src", "{F1AC92BC-869E-46E1-9E62-4A91B819DDB9}"
EndProject
Project("{2150E333-8FDC-42A3-9474-1A3956D46DE8}") = "tests", "tests", "{B5FDA949-BD01-422A-A5D5-9BDFDA16F318}"
EndProject
Global
	GlobalSection(SolutionConfigurationPlatforms) = preSolution
		Debug|Any CPU = Debug|Any CPU
		Release|Any CPU = Release|Any CPU
	EndGlobalSection
	GlobalSection(ProjectConfigurationPlatforms) = postSolution
		{9765F668-09AA-4F4F-9A1F-C4ACC4C58E82}.Debug|Any CPU.ActiveCfg = Debug|Any CPU
		{9765F668-09AA-4F4F-9A1F-C4ACC4C58E82}.Debug|Any CPU.Build.0 = Debug|Any CPU
		{9765F668-09AA-4F4F-9A1F-C4ACC4C58E82}.Release|Any CPU.ActiveCfg = Release|Any CPU
		{9765F668-09AA-4F4F-9A1F-C4ACC4C58E82}.Release|Any CPU.Build.0 = Release|Any CPU
		{30D98FA8-D36B-4D7E-8555-3A6ED8E1B0A2}.Debug|Any CPU.ActiveCfg = Debug|Any CPU
		{30D98FA8-D36B-4D7E-8555-3A6ED8E1B0A2}.Debug|Any CPU.Build.0 = Debug|Any CPU
		{30D98FA8-D36B-4D7E-8555-3A6ED8E1B0A2}.Release|Any CPU.ActiveCfg = Release|Any CPU
		{30D98FA8-D36B-4D7E-8555-3A6ED8E1B0A2}.Release|Any CPU.Build.0 = Release|Any CPU
	EndGlobalSection
	GlobalSection(SolutionProperties) = preSolution
		HideSolutionNode = FALSE
	EndGlobalSection
	GlobalSection(NestedProjects) = preSolution
		{9765F668-09AA-4F4F-9A1F-C4ACC4C58E82} = {F1AC92BC-869E-46E1-9E62-4A91B819DDB9}
		{30D98FA8-D36B-4D7E-8555-3A6ED8E1B0A2} = {B5FDA949-BD01-422A-A5D5-9BDFDA16F318}
	EndGlobalSection
	GlobalSection(ExtensibilityGlobals) = postSolution
		SolutionGuid = {7F6AD575-6F0A-48E6-84F2-1B436A941948}
	EndGlobalSection
EndGlobal
